# THIS IS AN AUTOGENERATED FILE. DO NOT EDIT THIS FILE DIRECTLY.
# yarn lockfile v1


"@babel/runtime@^7.20.1", "@babel/runtime@^7.6.2":
  "integrity" "sha512-ecjvYlnAaZ/KVneE/OdKYBYfgXV3Ptu6zQWmgEF7vwKhQnvVS6bjMD2XYgj+SNvQ1GfK/pjgokfPkC/2CO8CuA=="
  "resolved" "https://registry.npmjs.org/@babel/runtime/-/runtime-7.22.5.tgz"
  "version" "7.22.5"
  dependencies:
    "regenerator-runtime" "^0.13.11"

"@formatjs/ecma402-abstract@1.17.0":
  "integrity" "sha512-6ueQTeJZtwKjmh23bdkq/DMqH4l4bmfvtQH98blOSbiXv/OUiyijSW6jU22IT8BNM1ujCaEvJfTtyCYVH38EMQ=="
  "resolved" "https://registry.npmjs.org/@formatjs/ecma402-abstract/-/ecma402-abstract-1.17.0.tgz"
  "version" "1.17.0"
  dependencies:
    "@formatjs/intl-localematcher" "0.4.0"
    "tslib" "^2.4.0"

"@formatjs/fast-memoize@2.2.0":
  "integrity" "sha512-hnk/nY8FyrL5YxwP9e4r9dqeM6cAbo8PeU9UjyXojZMNvVad2Z06FAVHyR3Ecw6fza+0GH7vdJgiKIVXTMbSBA=="
  "resolved" "https://registry.npmjs.org/@formatjs/fast-memoize/-/fast-memoize-2.2.0.tgz"
  "version" "2.2.0"
  dependencies:
    "tslib" "^2.4.0"

"@formatjs/icu-messageformat-parser@2.6.0":
  "integrity" "sha512-yT6at0qc0DANw9qM/TU8RZaCtfDXtj4pZM/IC2WnVU80yAcliS3KVDiuUt4jSQAeFL9JS5bc2hARnFmjPdA6qw=="
  "resolved" "https://registry.npmjs.org/@formatjs/icu-messageformat-parser/-/icu-messageformat-parser-2.6.0.tgz"
  "version" "2.6.0"
  dependencies:
    "@formatjs/ecma402-abstract" "1.17.0"
    "@formatjs/icu-skeleton-parser" "1.6.0"
    "tslib" "^2.4.0"

"@formatjs/icu-skeleton-parser@1.6.0":
  "integrity" "sha512-eMmxNpoX/J1IPUjPGSZwo0Wh+7CEvdEMddP2Jxg1gQJXfGfht/FdW2D5XDFj3VMbOTUQlDIdZJY7uC6O6gjPoA=="
  "resolved" "https://registry.npmjs.org/@formatjs/icu-skeleton-parser/-/icu-skeleton-parser-1.6.0.tgz"
  "version" "1.6.0"
  dependencies:
    "@formatjs/ecma402-abstract" "1.17.0"
    "tslib" "^2.4.0"

"@formatjs/intl-localematcher@0.4.0":
  "integrity" "sha512-bRTd+rKomvfdS4QDlVJ6TA/Jx1F2h/TBVO5LjvhQ7QPPHp19oPNMIum7W2CMEReq/zPxpmCeB31F9+5gl/qtvw=="
  "resolved" "https://registry.npmjs.org/@formatjs/intl-localematcher/-/intl-localematcher-0.4.0.tgz"
  "version" "0.4.0"
  dependencies:
    "tslib" "^2.4.0"

"@internationalized/date@^3.0.1", "@internationalized/date@^3.2.0":
  "integrity" "sha512-VDMHN1m33L4eqPs5BaihzgQJXyaORbMoHOtrapFxx179J8ucY5CRIHYsq5RRLKPHZWgjNfa5v6amWWDkkMFywA=="
  "resolved" "https://registry.npmjs.org/@internationalized/date/-/date-3.2.0.tgz"
  "version" "3.2.0"
  dependencies:
    "@swc/helpers" "^0.4.14"

"@internationalized/message@^3.0.9", "@internationalized/message@^3.1.0":
  "integrity" "sha512-Oo5m70FcBdADf7G8NkUffVSfuCdeAYVfsvNjZDi9ELpjvkc4YNJVTHt/NyTI9K7FgAVoELxiP9YmN0sJ+HNHYQ=="
  "resolved" "https://registry.npmjs.org/@internationalized/message/-/message-3.1.0.tgz"
  "version" "3.1.0"
  dependencies:
    "@swc/helpers" "^0.4.14"
    "intl-messageformat" "^10.1.0"

"@internationalized/number@^3.1.1", "@internationalized/number@^3.2.0":
  "integrity" "sha512-GUXkhXSX1Ee2RURnzl+47uvbOxnlMnvP9Er+QePTjDjOPWuunmLKlEkYkEcLiiJp7y4l9QxGDLOlVr8m69LS5w=="
  "resolved" "https://registry.npmjs.org/@internationalized/number/-/number-3.2.0.tgz"
  "version" "3.2.0"
  dependencies:
    "@swc/helpers" "^0.4.14"

"@internationalized/string@^3.0.0", "@internationalized/string@^3.1.0":
  "integrity" "sha512-TJQKiyUb+wyAfKF59UNeZ/kELMnkxyecnyPCnBI1ma4NaXReJW+7Cc2mObXAqraIBJUVv7rgI46RLKrLgi35ng=="
  "resolved" "https://registry.npmjs.org/@internationalized/string/-/string-3.1.0.tgz"
  "version" "3.1.0"
  dependencies:
    "@swc/helpers" "^0.4.14"

"@next/env@13.1.1":
  "integrity" "sha512-vFMyXtPjSAiOXOywMojxfKIqE3VWN5RCAx+tT3AS3pcKjMLFTCJFUWsKv8hC+87Z1F4W3r68qTwDFZIFmd5Xkw=="
  "resolved" "https://registry.npmjs.org/@next/env/-/env-13.1.1.tgz"
  "version" "13.1.1"

"@next/swc-win32-x64-msvc@13.1.1":
  "integrity" "sha512-mVF0/3/5QAc5EGVnb8ll31nNvf3BWpPY4pBb84tk+BfQglWLqc5AC9q1Ht/YMWiEgs8ALNKEQ3GQnbY0bJF2Gg=="
  "resolved" "https://registry.npmjs.org/@next/swc-win32-x64-msvc/-/swc-win32-x64-msvc-13.1.1.tgz"
  "version" "13.1.1"

"@nextui-org/react@^1.0.0-beta.13":
  "integrity" "sha512-KrQZplcSyfRc95bHlvrNeu8FgGrTm4CncpdH9gFk5bNSELICbLplIyyy2e6C8ZmRD+0CAjjXLdbTx1yvmefqDg=="
  "resolved" "https://registry.npmjs.org/@nextui-org/react/-/react-1.0.0-beta.13.tgz"
  "version" "1.0.0-beta.13"
  dependencies:
    "@babel/runtime" "^7.20.1"
    "@react-aria/button" "3.6.2"
    "@react-aria/checkbox" "3.6.0"
    "@react-aria/dialog" "3.4.0"
    "@react-aria/focus" "3.7.0"
    "@react-aria/i18n" "3.6.1"
    "@react-aria/interactions" "3.12.0"
    "@react-aria/label" "3.4.2"
    "@react-aria/link" "3.3.4"
    "@react-aria/menu" "3.6.2"
    "@react-aria/overlays" "3.11.0"
    "@react-aria/radio" "3.4.0"
    "@react-aria/ssr" "3.3.0"
    "@react-aria/table" "3.5.0"
    "@react-aria/utils" "3.14.0"
    "@react-aria/visually-hidden" "3.5.0"
    "@react-stately/checkbox" "3.3.0"
    "@react-stately/collections" "3.4.4"
    "@react-stately/data" "3.7.0"
    "@react-stately/menu" "3.4.2"
    "@react-stately/overlays" "3.4.2"
    "@react-stately/radio" "3.6.0"
    "@react-stately/table" "3.5.0"
    "@react-stately/toggle" "3.4.2"
    "@react-stately/tree" "3.3.4"
    "@react-types/button" "^3.6.2"
    "@react-types/checkbox" "3.4.0"
    "@react-types/grid" "3.1.4"
    "@react-types/menu" "3.7.2"
    "@react-types/overlays" "3.6.4"
    "@react-types/shared" "3.15.0"
    "@stitches/react" "1.2.8"

"@react-aria/button@3.6.2":
  "integrity" "sha512-8XRcPR5qXKNmnBO6u9FSY8vYa7P1FIgVix07EHBCTZiJYHYxcUsFYRWG9qf2aShGotJs4957unqGH1L1ncRYKQ=="
  "resolved" "https://registry.npmjs.org/@react-aria/button/-/button-3.6.2.tgz"
  "version" "3.6.2"
  dependencies:
    "@babel/runtime" "^7.6.2"
    "@react-aria/focus" "^3.9.0"
    "@react-aria/interactions" "^3.12.0"
    "@react-aria/utils" "^3.14.0"
    "@react-stately/toggle" "^3.4.2"
    "@react-types/button" "^3.6.2"
    "@react-types/shared" "^3.15.0"

"@react-aria/checkbox@3.6.0":
  "integrity" "sha512-E2MZoMZhtHtlS1mYjxTI29JRq4s3Y6d92KHj7tzvcC308d4Bzz0IHJd0bMz/8whoNteU02pQyZ3rDAcGf92bHQ=="
  "resolved" "https://registry.npmjs.org/@react-aria/checkbox/-/checkbox-3.6.0.tgz"
  "version" "3.6.0"
  dependencies:
    "@babel/runtime" "^7.6.2"
    "@react-aria/label" "^3.4.2"
    "@react-aria/toggle" "^3.4.0"
    "@react-aria/utils" "^3.14.0"
    "@react-stately/checkbox" "^3.3.0"
    "@react-stately/toggle" "^3.4.2"
    "@react-types/checkbox" "^3.4.0"
    "@react-types/shared" "^3.15.0"

"@react-aria/dialog@3.4.0":
  "integrity" "sha512-h1D7OOe20PhSb4DD40ABVgHMbSA2Y9rSU5lrGf9zuNSYkQIwDz6pTSXp/9roy7SEvf5KAN6zPa1inSVBOTzf3w=="
  "resolved" "https://registry.npmjs.org/@react-aria/dialog/-/dialog-3.4.0.tgz"
  "version" "3.4.0"
  dependencies:
    "@babel/runtime" "^7.6.2"
    "@react-aria/focus" "^3.9.0"
    "@react-aria/overlays" "^3.11.0"
    "@react-aria/utils" "^3.14.0"
    "@react-stately/overlays" "^3.4.2"
    "@react-types/dialog" "^3.4.4"
    "@react-types/shared" "^3.15.0"

"@react-aria/focus@^3.12.1":
  "integrity" "sha512-i1bRz27mRFnrDpYpRvm/6Zm+FbGo0WygNQiLVgTce7WY+39oLERIGRrE8Ovy6rY9Hr4MGBAXz2Q+o9oTOgeBgA=="
  "resolved" "https://registry.npmjs.org/@react-aria/focus/-/focus-3.12.1.tgz"
  "version" "3.12.1"
  dependencies:
    "@react-aria/interactions" "^3.15.1"
    "@react-aria/utils" "^3.17.0"
    "@react-types/shared" "^3.18.1"
    "@swc/helpers" "^0.4.14"
    "clsx" "^1.1.1"

"@react-aria/focus@^3.9.0":
  "integrity" "sha512-i1bRz27mRFnrDpYpRvm/6Zm+FbGo0WygNQiLVgTce7WY+39oLERIGRrE8Ovy6rY9Hr4MGBAXz2Q+o9oTOgeBgA=="
  "resolved" "https://registry.npmjs.org/@react-aria/focus/-/focus-3.12.1.tgz"
  "version" "3.12.1"
  dependencies:
    "@react-aria/interactions" "^3.15.1"
    "@react-aria/utils" "^3.17.0"
    "@react-types/shared" "^3.18.1"
    "@swc/helpers" "^0.4.14"
    "clsx" "^1.1.1"

"@react-aria/focus@3.7.0":
  "integrity" "sha512-LydZSLBLEUklakM0Ogdk17F3f/Uwaj5Nl1mfcK8HhrroGT8A8XH0KjA9D6gM6JGHgxZemx0ufOgxhQZeBGQMQw=="
  "resolved" "https://registry.npmjs.org/@react-aria/focus/-/focus-3.7.0.tgz"
  "version" "3.7.0"
  dependencies:
    "@babel/runtime" "^7.6.2"
    "@react-aria/interactions" "^3.10.0"
    "@react-aria/utils" "^3.13.2"
    "@react-types/shared" "^3.14.0"
    "clsx" "^1.1.1"

"@react-aria/grid@^3.5.0":
  "integrity" "sha512-CwrRbX1GuLJnQugB3fkujMPjFEJNyzcy+niuAwRMn768Y9MD8swDMwGrKL362NddF2jSCCwIxqA0qjCPeD4S2w=="
  "resolved" "https://registry.npmjs.org/@react-aria/grid/-/grid-3.7.1.tgz"
  "version" "3.7.1"
  dependencies:
    "@react-aria/focus" "^3.12.1"
    "@react-aria/i18n" "^3.7.2"
    "@react-aria/interactions" "^3.15.1"
    "@react-aria/live-announcer" "^3.3.0"
    "@react-aria/selection" "^3.15.0"
    "@react-aria/utils" "^3.17.0"
    "@react-stately/collections" "^3.8.0"
    "@react-stately/grid" "^3.6.1"
    "@react-stately/selection" "^3.13.1"
    "@react-stately/virtualizer" "^3.5.2"
    "@react-types/checkbox" "^3.4.4"
    "@react-types/grid" "^3.1.8"
    "@react-types/shared" "^3.18.1"
    "@swc/helpers" "^0.4.14"

"@react-aria/i18n@^3.6.1", "@react-aria/i18n@3.6.1":
  "integrity" "sha512-kAetWsj9HOqwaqLhmFU2udhZ+4QGGYkQOgGBJYdrB7GfLZQ1GPBlZjv3QFdkX4oSf/k9cFqgftxvVQQDYZLOew=="
  "resolved" "https://registry.npmjs.org/@react-aria/i18n/-/i18n-3.6.1.tgz"
  "version" "3.6.1"
  dependencies:
    "@babel/runtime" "^7.6.2"
    "@internationalized/date" "^3.0.1"
    "@internationalized/message" "^3.0.9"
    "@internationalized/number" "^3.1.1"
    "@internationalized/string" "^3.0.0"
    "@react-aria/ssr" "^3.3.0"
    "@react-aria/utils" "^3.14.0"
    "@react-types/shared" "^3.15.0"

"@react-aria/i18n@^3.7.2":
  "integrity" "sha512-GsVioW8RGOmwebTruEBAmGYJunY0WS7Ljfn5n7Mec3eoMKdQjH2M70fHwCOWqJo8Ufq7A7p0ypBVCv4d4sbSdw=="
  "resolved" "https://registry.npmjs.org/@react-aria/i18n/-/i18n-3.7.2.tgz"
  "version" "3.7.2"
  dependencies:
    "@internationalized/date" "^3.2.0"
    "@internationalized/message" "^3.1.0"
    "@internationalized/number" "^3.2.0"
    "@internationalized/string" "^3.1.0"
    "@react-aria/ssr" "^3.6.0"
    "@react-aria/utils" "^3.17.0"
    "@react-types/shared" "^3.18.1"
    "@swc/helpers" "^0.4.14"

"@react-aria/interactions@^3.10.0", "@react-aria/interactions@^3.12.0", "@react-aria/interactions@3.12.0":
  "integrity" "sha512-KcKurjPZwme9ggvGQjbjqZtZtuyXipTBVMHUah9a3+Dz7vXxhRg5vFaEdM79oQnNsrGFW5xS6SKBehl/JG6BMw=="
  "resolved" "https://registry.npmjs.org/@react-aria/interactions/-/interactions-3.12.0.tgz"
  "version" "3.12.0"
  dependencies:
    "@babel/runtime" "^7.6.2"
    "@react-aria/utils" "^3.14.0"
    "@react-types/shared" "^3.15.0"

"@react-aria/interactions@^3.15.1":
  "integrity" "sha512-khtpxSvos885rxMep6DRe8RGZjtD16ZuLxhFBtL1dXqSv5XZxaXKOmI8Yx1F8AkVIPdB72MmjG8dz3PpM3PPYg=="
  "resolved" "https://registry.npmjs.org/@react-aria/interactions/-/interactions-3.15.1.tgz"
  "version" "3.15.1"
  dependencies:
    "@react-aria/ssr" "^3.6.0"
    "@react-aria/utils" "^3.17.0"
    "@react-types/shared" "^3.18.1"
    "@swc/helpers" "^0.4.14"

"@react-aria/label@^3.4.2", "@react-aria/label@3.4.2":
  "integrity" "sha512-ctygLrA4yY31440UMZdw21Iz4ogXupLJB5xpTU1KFXcvybSu+H3gvVCOJu1jFwR12bTKnkVogTWT6wwVYH2nFw=="
  "resolved" "https://registry.npmjs.org/@react-aria/label/-/label-3.4.2.tgz"
  "version" "3.4.2"
  dependencies:
    "@babel/runtime" "^7.6.2"
    "@react-aria/utils" "^3.14.0"
    "@react-types/label" "^3.7.0"
    "@react-types/shared" "^3.15.0"

"@react-aria/link@3.3.4":
  "integrity" "sha512-Op0usCd5SAg5OHkCl1+TYbsvT/wWhqadd/3Pi0VD0kKmaSy4GhUNJkTo8n0hS2k3vIq+qRq7zwnON2h5eLVkHA=="
  "resolved" "https://registry.npmjs.org/@react-aria/link/-/link-3.3.4.tgz"
  "version" "3.3.4"
  dependencies:
    "@babel/runtime" "^7.6.2"
    "@react-aria/focus" "^3.9.0"
    "@react-aria/interactions" "^3.12.0"
    "@react-aria/utils" "^3.14.0"
    "@react-types/link" "^3.3.4"
    "@react-types/shared" "^3.15.0"

"@react-aria/live-announcer@^3.1.1", "@react-aria/live-announcer@^3.3.0":
  "integrity" "sha512-6diTS6mIf70KdxfGqiDxHV+9Qv8a9A88EqBllzXGF6HWPdcwde/GIEmfpTwj8g1ImNGZYUwDkv4Hd9lFj0MXEg=="
  "resolved" "https://registry.npmjs.org/@react-aria/live-announcer/-/live-announcer-3.3.0.tgz"
  "version" "3.3.0"
  dependencies:
    "@swc/helpers" "^0.4.14"

"@react-aria/menu@3.6.2":
  "integrity" "sha512-uBZHGuFAtOdoocBVZzoBpZQFJmkt5axlEUKjBgh2BuR5JX8aZiSxyKnfgAeb3aDEi9PZpOp6RWxHzOMBRg4TsA=="
  "resolved" "https://registry.npmjs.org/@react-aria/menu/-/menu-3.6.2.tgz"
  "version" "3.6.2"
  dependencies:
    "@babel/runtime" "^7.6.2"
    "@react-aria/i18n" "^3.6.1"
    "@react-aria/interactions" "^3.12.0"
    "@react-aria/overlays" "^3.11.0"
    "@react-aria/selection" "^3.11.0"
    "@react-aria/utils" "^3.14.0"
    "@react-stately/collections" "^3.4.4"
    "@react-stately/menu" "^3.4.2"
    "@react-stately/tree" "^3.3.4"
    "@react-types/button" "^3.6.2"
    "@react-types/menu" "^3.7.2"
    "@react-types/shared" "^3.15.0"

"@react-aria/overlays@^3.11.0", "@react-aria/overlays@3.11.0":
  "integrity" "sha512-NqLqxSiEW9AuUPcEHCIp2lHH1moNxlkP0CkuUMkT2/T5MCPm/Iq+uD53VSR+NyeCWU/aGH3ykj2kq9NSITJkOA=="
  "resolved" "https://registry.npmjs.org/@react-aria/overlays/-/overlays-3.11.0.tgz"
  "version" "3.11.0"
  dependencies:
    "@babel/runtime" "^7.6.2"
    "@react-aria/focus" "^3.9.0"
    "@react-aria/i18n" "^3.6.1"
    "@react-aria/interactions" "^3.12.0"
    "@react-aria/ssr" "^3.3.0"
    "@react-aria/utils" "^3.14.0"
    "@react-aria/visually-hidden" "^3.5.0"
    "@react-stately/overlays" "^3.4.2"
    "@react-types/button" "^3.6.2"
    "@react-types/overlays" "^3.6.4"
    "@react-types/shared" "^3.15.0"

"@react-aria/radio@3.4.0":
  "integrity" "sha512-DUccHQxfI0PikXXQKarh/hLS/G+ZzfdQ00/sd57jzWsuRyukb+WywQhud29p5uO3wT33/MH9LZgSmb9dlvfabQ=="
  "resolved" "https://registry.npmjs.org/@react-aria/radio/-/radio-3.4.0.tgz"
  "version" "3.4.0"
  dependencies:
    "@babel/runtime" "^7.6.2"
    "@react-aria/focus" "^3.9.0"
    "@react-aria/i18n" "^3.6.1"
    "@react-aria/interactions" "^3.12.0"
    "@react-aria/label" "^3.4.2"
    "@react-aria/utils" "^3.14.0"
    "@react-stately/radio" "^3.6.0"
    "@react-types/radio" "^3.3.0"
    "@react-types/shared" "^3.15.0"

"@react-aria/selection@^3.11.0", "@react-aria/selection@^3.15.0":
  "integrity" "sha512-v3AXsau6BobbM5Fu7X+HhX5K/Ey3drVBaoevGDiYX8kGS9jlFNDXENKYPtnMpcTCvSX0yuxTITukOEBokzkb6Q=="
  "resolved" "https://registry.npmjs.org/@react-aria/selection/-/selection-3.15.0.tgz"
  "version" "3.15.0"
  dependencies:
    "@react-aria/focus" "^3.12.1"
    "@react-aria/i18n" "^3.7.2"
    "@react-aria/interactions" "^3.15.1"
    "@react-aria/utils" "^3.17.0"
    "@react-stately/collections" "^3.8.0"
    "@react-stately/selection" "^3.13.1"
    "@react-types/shared" "^3.18.1"
    "@swc/helpers" "^0.4.14"

"@react-aria/ssr@^3.3.0", "@react-aria/ssr@3.3.0":
  "integrity" "sha512-yNqUDuOVZIUGP81R87BJVi/ZUZp/nYOBXbPsRe7oltJOfErQZD+UezMpw4vM2KRz18cURffvmC8tJ6JTeyDtaQ=="
  "resolved" "https://registry.npmjs.org/@react-aria/ssr/-/ssr-3.3.0.tgz"
  "version" "3.3.0"
  dependencies:
    "@babel/runtime" "^7.6.2"

"@react-aria/ssr@^3.6.0":
  "integrity" "sha512-OFiYQdv+Yk7AO7IsQu/fAEPijbeTwrrEYvdNoJ3sblBBedD5j5fBTNWrUPNVlwC4XWWnWTCMaRIVsJujsFiWXg=="
  "resolved" "https://registry.npmjs.org/@react-aria/ssr/-/ssr-3.6.0.tgz"
  "version" "3.6.0"
  dependencies:
    "@swc/helpers" "^0.4.14"

"@react-aria/table@3.5.0":
  "integrity" "sha512-oYcsIEYbbjAzojRWUsAdtfxPzlEKBmk6o4svDHnGqC9HSj8/yExn8b8RB0veDP7E+5IdO62pUwUy48jBwWu2uw=="
  "resolved" "https://registry.npmjs.org/@react-aria/table/-/table-3.5.0.tgz"
  "version" "3.5.0"
  dependencies:
    "@babel/runtime" "^7.6.2"
    "@react-aria/focus" "^3.9.0"
    "@react-aria/grid" "^3.5.0"
    "@react-aria/i18n" "^3.6.1"
    "@react-aria/interactions" "^3.12.0"
    "@react-aria/live-announcer" "^3.1.1"
    "@react-aria/selection" "^3.11.0"
    "@react-aria/utils" "^3.14.0"
    "@react-stately/table" "^3.5.0"
    "@react-stately/virtualizer" "^3.3.1"
    "@react-types/checkbox" "^3.4.0"
    "@react-types/grid" "^3.1.4"
    "@react-types/shared" "^3.15.0"
    "@react-types/table" "^3.3.2"

"@react-aria/toggle@^3.4.0":
  "integrity" "sha512-4ml3HMjaZPUtRVb6MuuxuV8P/ydzrpldfP0R1hv3f56lo5gBVMh7ME72z49Z8Jf9hnxPkDBvnNi0AnfITtvfVw=="
  "resolved" "https://registry.npmjs.org/@react-aria/toggle/-/toggle-3.6.1.tgz"
  "version" "3.6.1"
  dependencies:
    "@react-aria/focus" "^3.12.1"
    "@react-aria/interactions" "^3.15.1"
    "@react-aria/utils" "^3.17.0"
    "@react-stately/toggle" "^3.5.2"
    "@react-types/checkbox" "^3.4.4"
    "@react-types/shared" "^3.18.1"
    "@react-types/switch" "^3.3.2"
    "@swc/helpers" "^0.4.14"

"@react-aria/utils@^3.13.2", "@react-aria/utils@^3.14.0", "@react-aria/utils@3.14.0":
  "integrity" "sha512-DHgmwNBNEhnb6DEYYAfbt99wprBqJJOBBeIpQ2g3+pxwlw4BZ+v4Qr+rDD0ZibWV0mYzt8zOhZ9StpId7iTF0Q=="
  "resolved" "https://registry.npmjs.org/@react-aria/utils/-/utils-3.14.0.tgz"
  "version" "3.14.0"
  dependencies:
    "@babel/runtime" "^7.6.2"
    "@react-aria/ssr" "^3.3.0"
    "@react-stately/utils" "^3.5.1"
    "@react-types/shared" "^3.15.0"
    "clsx" "^1.1.1"

"@react-aria/utils@^3.17.0":
  "integrity" "sha512-NEul0cQ6tQPdNSHYzNYD+EfFabeYNvDwEiHB82kK/Tsfhfm84SM+baben/at2N51K7iRrJPr5hC5fi4+P88lNg=="
  "resolved" "https://registry.npmjs.org/@react-aria/utils/-/utils-3.17.0.tgz"
  "version" "3.17.0"
  dependencies:
    "@react-aria/ssr" "^3.6.0"
    "@react-stately/utils" "^3.6.0"
    "@react-types/shared" "^3.18.1"
    "@swc/helpers" "^0.4.14"
    "clsx" "^1.1.1"

"@react-aria/visually-hidden@^3.5.0", "@react-aria/visually-hidden@3.5.0":
  "integrity" "sha512-tF/kCZCGv1yebwgH21cKbhjSV5CmB5/SAHOUM5YkO5V/lIFjaPtywcamIPI8F0JSfrwGF/Z9EqvqBxvIYGRlCA=="
  "resolved" "https://registry.npmjs.org/@react-aria/visually-hidden/-/visually-hidden-3.5.0.tgz"
  "version" "3.5.0"
  dependencies:
    "@babel/runtime" "^7.6.2"
    "@react-aria/interactions" "^3.12.0"
    "@react-aria/utils" "^3.14.0"
    "@react-types/shared" "^3.15.0"
    "clsx" "^1.1.1"

"@react-stately/checkbox@^3.3.0", "@react-stately/checkbox@3.3.0":
  "integrity" "sha512-hYFJzEoreAmUKkcgd3ErDXtEqp65pfawfcygOr/3pe7MUGzl+MaauVUOg6Dh02Bxt+mdSX4mQXbJSfvm+8bmfA=="
  "resolved" "https://registry.npmjs.org/@react-stately/checkbox/-/checkbox-3.3.0.tgz"
  "version" "3.3.0"
  dependencies:
    "@babel/runtime" "^7.6.2"
    "@react-stately/toggle" "^3.4.2"
    "@react-stately/utils" "^3.5.1"
    "@react-types/checkbox" "^3.4.0"
    "@react-types/shared" "^3.15.0"

"@react-stately/collections@^3.4.4", "@react-stately/collections@3.4.4":
  "integrity" "sha512-gryUYCe6uzqE0ea5frTwOxOPpx/6Z42PRk7KetOh3ddN3Ts0j8XQP08jP1IB/7BC1QidrkHWvDCqGHxRiEjiIg=="
  "resolved" "https://registry.npmjs.org/@react-stately/collections/-/collections-3.4.4.tgz"
  "version" "3.4.4"
  dependencies:
    "@babel/runtime" "^7.6.2"
    "@react-types/shared" "^3.15.0"

"@react-stately/collections@^3.8.0":
  "integrity" "sha512-NIRE8Gha0XZTnbvh9JRZM7oI/6uLf6ozjB7myja29IX7hDvsZxITe0RFXBapcujlpXLU2uufssJPKpiwJm3vZQ=="
  "resolved" "https://registry.npmjs.org/@react-stately/collections/-/collections-3.8.0.tgz"
  "version" "3.8.0"
  dependencies:
    "@react-types/shared" "^3.18.1"
    "@swc/helpers" "^0.4.14"

"@react-stately/data@3.7.0":
  "integrity" "sha512-+u5rKjraR7R6aMMXSDwH61jRRELnGGWr6xMFlk6G9fr8uAmil+AWrv8Dh8nZlJfy5I2hT1d8lbS9j5TRp/QFKg=="
  "resolved" "https://registry.npmjs.org/@react-stately/data/-/data-3.7.0.tgz"
  "version" "3.7.0"
  dependencies:
    "@babel/runtime" "^7.6.2"
    "@react-types/shared" "^3.15.0"

"@react-stately/grid@^3.4.0", "@react-stately/grid@^3.6.1":
  "integrity" "sha512-54B3OztU99ixMhcZsDdfeMemEcqibK9KgaOZVuPmewee35nXAOGTqNjjeN64Vz6ui8q3j86eIyjGChAxqU0KpA=="
  "resolved" "https://registry.npmjs.org/@react-stately/grid/-/grid-3.6.1.tgz"
  "version" "3.6.1"
  dependencies:
    "@react-stately/collections" "^3.8.0"
    "@react-stately/selection" "^3.13.1"
    "@react-types/grid" "^3.1.8"
    "@react-types/shared" "^3.18.1"
    "@swc/helpers" "^0.4.14"

"@react-stately/menu@^3.4.2", "@react-stately/menu@3.4.2":
  "integrity" "sha512-vFC8EloVEcqf6sgiP6ABIkC41ytjoJiGtj7Ws5OS7PvZNyxxDgJr4V0O3Pxd1T0AjlHCloBbojnvoTRwZiSr/A=="
  "resolved" "https://registry.npmjs.org/@react-stately/menu/-/menu-3.4.2.tgz"
  "version" "3.4.2"
  dependencies:
    "@babel/runtime" "^7.6.2"
    "@react-stately/overlays" "^3.4.2"
    "@react-stately/utils" "^3.5.1"
    "@react-types/menu" "^3.7.2"
    "@react-types/shared" "^3.15.0"

"@react-stately/overlays@^3.4.2", "@react-stately/overlays@3.4.2":
  "integrity" "sha512-UTCnn0aT+JL4ZhYPQYUWHwhmuR2T3vKTFUEZeZN9sTuDCctg08VfGoASJx8qofqkLwYJXeb8D5PMhhTDPiUQPw=="
  "resolved" "https://registry.npmjs.org/@react-stately/overlays/-/overlays-3.4.2.tgz"
  "version" "3.4.2"
  dependencies:
    "@babel/runtime" "^7.6.2"
    "@react-stately/utils" "^3.5.1"
    "@react-types/overlays" "^3.6.4"

"@react-stately/radio@^3.6.0", "@react-stately/radio@3.6.0":
  "integrity" "sha512-hzNwIapDSnbk5mCim/AgHQTtHRgy2QiW95okfVnGflzO7nnws8WH/s2Va4f7UupWObPv8XTqHADUEng86mVBJA=="
  "resolved" "https://registry.npmjs.org/@react-stately/radio/-/radio-3.6.0.tgz"
  "version" "3.6.0"
  dependencies:
    "@babel/runtime" "^7.6.2"
    "@react-stately/utils" "^3.5.1"
    "@react-types/radio" "^3.3.0"
    "@react-types/shared" "^3.15.0"

"@react-stately/selection@^3.11.0", "@react-stately/selection@^3.13.1":
  "integrity" "sha512-0B+gT6hyei/pzUSmrNliphoztOPZJ7v/xVT9b4HViRTwuOUQlmwi5BQai84EbVtgQaQghc07sJ/Y/Ec8WXCRHA=="
  "resolved" "https://registry.npmjs.org/@react-stately/selection/-/selection-3.13.1.tgz"
  "version" "3.13.1"
  dependencies:
    "@react-stately/collections" "^3.8.0"
    "@react-stately/utils" "^3.6.0"
    "@react-types/shared" "^3.18.1"
    "@swc/helpers" "^0.4.14"

"@react-stately/table@^3.5.0", "@react-stately/table@3.5.0":
  "integrity" "sha512-C0HFfKMCOomqPtRCPs85AtoJGPnGu9mzFfwksFxAssdIatw3t66h5SJS0vSSql7Ku9h70scmvJR+nIOckx0IeA=="
  "resolved" "https://registry.npmjs.org/@react-stately/table/-/table-3.5.0.tgz"
  "version" "3.5.0"
  dependencies:
    "@babel/runtime" "^7.6.2"
    "@react-stately/collections" "^3.4.4"
    "@react-stately/grid" "^3.4.0"
    "@react-stately/selection" "^3.11.0"
    "@react-types/grid" "^3.1.4"
    "@react-types/shared" "^3.15.0"
    "@react-types/table" "^3.3.2"

"@react-stately/toggle@^3.4.2", "@react-stately/toggle@3.4.2":
  "integrity" "sha512-+pO13Ap/tj4optu6VjQrEAaAoZvJAEwarMUaZvrkc0kdvMTNPdiT/2vhN32yvsSW0ssuFqToa3jMrTylCbpo8w=="
  "resolved" "https://registry.npmjs.org/@react-stately/toggle/-/toggle-3.4.2.tgz"
  "version" "3.4.2"
  dependencies:
    "@babel/runtime" "^7.6.2"
    "@react-stately/utils" "^3.5.1"
    "@react-types/checkbox" "^3.4.0"
    "@react-types/shared" "^3.15.0"

"@react-stately/toggle@^3.5.2":
  "integrity" "sha512-2fDecu06job9NKdSIryU4AE+BoTGZqfinUsAvYTaaQN95Apq8IShEDFkY+gSnU09wRX26Ux+JJi5pYwg+HX1tw=="
  "resolved" "https://registry.npmjs.org/@react-stately/toggle/-/toggle-3.5.2.tgz"
  "version" "3.5.2"
  dependencies:
    "@react-stately/utils" "^3.6.0"
    "@react-types/checkbox" "^3.4.4"
    "@react-types/shared" "^3.18.1"
    "@swc/helpers" "^0.4.14"

"@react-stately/tree@^3.3.4", "@react-stately/tree@3.3.4":
  "integrity" "sha512-CBgXvwa9qYBsJuxrAiVgGnm48eSxLe/6OjPMwH1pWf4s383Mx73MbbN4fS0oWDeXBVgdqz5/Xg/p8nvPIvl3WQ=="
  "resolved" "https://registry.npmjs.org/@react-stately/tree/-/tree-3.3.4.tgz"
  "version" "3.3.4"
  dependencies:
    "@babel/runtime" "^7.6.2"
    "@react-stately/collections" "^3.4.4"
    "@react-stately/selection" "^3.11.0"
    "@react-stately/utils" "^3.5.1"
    "@react-types/shared" "^3.15.0"

"@react-stately/utils@^3.5.1", "@react-stately/utils@^3.6.0":
  "integrity" "sha512-rptF7iUWDrquaYvBAS4QQhOBQyLBncDeHF03WnHXAxnuPJXNcr9cXJtjJPGCs036ZB8Q2hc9BGG5wNyMkF5v+Q=="
  "resolved" "https://registry.npmjs.org/@react-stately/utils/-/utils-3.6.0.tgz"
  "version" "3.6.0"
  dependencies:
    "@swc/helpers" "^0.4.14"

"@react-stately/virtualizer@^3.3.1", "@react-stately/virtualizer@^3.5.2":
  "integrity" "sha512-OmG9lPcbfnyuPhbSDVcDXDfPU0rc2E/V8VLGGd/yMOxSy4S90nWDSEoR8qAN6g9rY6xoLjPJ671nyxOu41EtyA=="
  "resolved" "https://registry.npmjs.org/@react-stately/virtualizer/-/virtualizer-3.5.2.tgz"
  "version" "3.5.2"
  dependencies:
    "@react-aria/utils" "^3.17.0"
    "@react-types/shared" "^3.18.1"
    "@swc/helpers" "^0.4.14"

"@react-types/button@^3.6.2":
  "integrity" "sha512-Fz1t/kYinHDunmct3tADD2h3UDBPZUfRE+zCzYiymz0g+v/zYHTAqnkWToTF9ptf8HIB5L2Z2VFYpeUHFfpWzg=="
  "resolved" "https://registry.npmjs.org/@react-types/button/-/button-3.7.3.tgz"
  "version" "3.7.3"
  dependencies:
    "@react-types/shared" "^3.18.1"

"@react-types/checkbox@^3.4.0", "@react-types/checkbox@3.4.0":
  "integrity" "sha512-ZDqbtAYWWSGPjL4ydinaWHrD65Qft9yEGA6BCKQTxdJCgxiXxgGkA3pI7Sxwk+OulR+O0CYJ1JROExM9cSJyyQ=="
  "resolved" "https://registry.npmjs.org/@react-types/checkbox/-/checkbox-3.4.0.tgz"
  "version" "3.4.0"
  dependencies:
    "@react-types/shared" "^3.15.0"

"@react-types/checkbox@^3.4.4":
  "integrity" "sha512-rJNhbW4R9HTvdbF2oTZmqGiZ/WVP3/XsU4gae7tfdhSYjG+5T5h9zau1vRhz++zwKn57wfcyNn6a83GDhhgkVw=="
  "resolved" "https://registry.npmjs.org/@react-types/checkbox/-/checkbox-3.4.4.tgz"
  "version" "3.4.4"
  dependencies:
    "@react-types/shared" "^3.18.1"

"@react-types/dialog@^3.4.4":
  "integrity" "sha512-eus/TivlVqA8JNunMGv9w0Ey4Fmao6BRA3/2r6WTcbXTRw+nLXMmNO2j4CzXAhtrT5j187SADP5OXZjWuEzLFw=="
  "resolved" "https://registry.npmjs.org/@react-types/dialog/-/dialog-3.5.2.tgz"
  "version" "3.5.2"
  dependencies:
    "@react-types/overlays" "^3.7.2"
    "@react-types/shared" "^3.18.1"

"@react-types/grid@^3.1.4", "@react-types/grid@3.1.4":
  "integrity" "sha512-i9f2VEnlex5BFV/AdSUGg71xoukn2i/XT2VLxUXUagy23gFxKJk9Xr3BT9bw+pRRLPwm/Ib+h9ELUdgi8lUAKA=="
  "resolved" "https://registry.npmjs.org/@react-types/grid/-/grid-3.1.4.tgz"
  "version" "3.1.4"
  dependencies:
    "@react-types/shared" "^3.15.0"

"@react-types/grid@^3.1.8":
  "integrity" "sha512-NKk4pDbW2QXJOYnDSAYhta81CGwXOc/9tVw2WFs+1wacvxeKmh1Q+n36uAFcIdQOvVRqeGTJaYiqLFmF3fC3tA=="
  "resolved" "https://registry.npmjs.org/@react-types/grid/-/grid-3.1.8.tgz"
  "version" "3.1.8"
  dependencies:
    "@react-types/shared" "^3.18.1"

"@react-types/label@^3.7.0":
  "integrity" "sha512-SfTqPRI39GE3GFD5ZGYEeX9jXQrNqDeaaI36PJhnbgGVFz96oVVkhy9t9c2bMHcbhLLENYIHMzxrvVqXS07e7A=="
  "resolved" "https://registry.npmjs.org/@react-types/label/-/label-3.7.4.tgz"
  "version" "3.7.4"
  dependencies:
    "@react-types/shared" "^3.18.1"

"@react-types/link@^3.3.4":
  "integrity" "sha512-EpHfphxt7QjdHbbzV9vfamDP3Xug2jLdM37Z8uu8fIvkJYbAI+r5+MMXTc4g0OMyqWU+/Ik7M+GbA+c6K9Papw=="
  "resolved" "https://registry.npmjs.org/@react-types/link/-/link-3.4.2.tgz"
  "version" "3.4.2"
  dependencies:
    "@react-aria/interactions" "^3.15.1"
    "@react-types/shared" "^3.18.1"

"@react-types/menu@^3.7.2", "@react-types/menu@3.7.2":
  "integrity" "sha512-BXMWrT3VCP6NTf0y7v1YYqRJNXkUKLzGXI+n7Qv9+aiZZfd3NNMyk20byHczhFoT2yuCcU5xhyOXzkxSo6ew3A=="
  "resolved" "https://registry.npmjs.org/@react-types/menu/-/menu-3.7.2.tgz"
  "version" "3.7.2"
  dependencies:
    "@react-types/overlays" "^3.6.4"
    "@react-types/shared" "^3.15.0"

"@react-types/overlays@^3.6.4", "@react-types/overlays@3.6.4":
  "integrity" "sha512-REC4IyDUHS5WhwxMxcvTo+LdrvlSYpJKjyYkPFtJoDBpM3gmXfakTY3KW6K5eZkFv3TnmXjDF9Q2yboEk2u6WQ=="
  "resolved" "https://registry.npmjs.org/@react-types/overlays/-/overlays-3.6.4.tgz"
  "version" "3.6.4"
  dependencies:
    "@react-types/shared" "^3.15.0"

"@react-types/overlays@^3.7.2":
  "integrity" "sha512-I/mm/xjJVJX2VC4UwNwzhsgVKh8eTHjE2NT6Ek70t/AMR/AT8i3m+eLYb4LEoRFFuZ0ctoJDLKkSCAP7nTkT0A=="
  "resolved" "https://registry.npmjs.org/@react-types/overlays/-/overlays-3.7.2.tgz"
  "version" "3.7.2"
  dependencies:
    "@react-types/shared" "^3.18.1"

"@react-types/radio@^3.3.0":
  "integrity" "sha512-SE6sjZjZbyuJMJNNdlhoutVr+QFRt1Vz7DZj4UaOswW5SD/Xb+xFdW8i6ETKdRN17am/5SC89ltWe0R3q0pVkA=="
  "resolved" "https://registry.npmjs.org/@react-types/radio/-/radio-3.4.2.tgz"
  "version" "3.4.2"
  dependencies:
    "@react-types/shared" "^3.18.1"

"@react-types/shared@^3.14.0", "@react-types/shared@^3.15.0", "@react-types/shared@3.15.0":
  "integrity" "sha512-hwuE4BmgswqP+HRDSLMj7DcnYOCCK+ZRuKnc9AVhXS4LBrwRSkdUkNvXhgvqF5tav7IqTpG9pBYMR9wedehuhA=="
  "resolved" "https://registry.npmjs.org/@react-types/shared/-/shared-3.15.0.tgz"
  "version" "3.15.0"

"@react-types/shared@^3.18.1":
  "integrity" "sha512-OpTYRFS607Ctfd6Tmhyk6t6cbFyDhO5K+etU35X50pMzpypo1b7vF0mkngEeTc0Xwl0e749ONZNPZskMyu5k8w=="
  "resolved" "https://registry.npmjs.org/@react-types/shared/-/shared-3.18.1.tgz"
  "version" "3.18.1"

"@react-types/switch@^3.3.2":
  "integrity" "sha512-L0XF4J43Q7HCAJXqseAk6RMteK6k1jQ0zrG05r6lSCkxaS9fGUlgLTCiFUsf07x0ADH1Xyc7PwpfJjyEr5A4tA=="
  "resolved" "https://registry.npmjs.org/@react-types/switch/-/switch-3.3.2.tgz"
  "version" "3.3.2"
  dependencies:
    "@react-types/checkbox" "^3.4.4"
    "@react-types/shared" "^3.18.1"

"@react-types/table@^3.3.2":
  "integrity" "sha512-DeiiBZPZUO2kH40P10Bn9Y4SvDobUlH7Flgx2afL3tJirKMkS1SNDU/B+X9B5Duyd1D0okf1+PLVmi0NBqM4vg=="
  "resolved" "https://registry.npmjs.org/@react-types/table/-/table-3.6.1.tgz"
  "version" "3.6.1"
  dependencies:
    "@react-types/grid" "^3.1.8"
    "@react-types/shared" "^3.18.1"

"@stitches/react@1.2.8":
  "integrity" "sha512-9g9dWI4gsSVe8bNLlb+lMkBYsnIKCZTmvqvDG+Avnn69XfmHZKiaMrx7cgTaddq7aTPPmXiTsbFcUy0xgI4+wA=="
  "resolved" "https://registry.npmjs.org/@stitches/react/-/react-1.2.8.tgz"
  "version" "1.2.8"

"@swc/helpers@^0.4.14", "@swc/helpers@0.4.14":
  "integrity" "sha512-4C7nX/dvpzB7za4Ql9K81xK3HPxCpHMgwTZVyf+9JQ6VUbn9jjZVN7/Nkdz/Ugzs2CSjqnL/UPXroiVBVHUWUw=="
  "resolved" "https://registry.npmjs.org/@swc/helpers/-/helpers-0.4.14.tgz"
  "version" "0.4.14"
  dependencies:
    "tslib" "^2.4.0"

"@types/prop-types@*":
  "integrity" "sha512-JCB8C6SnDoQf0cNycqd/35A7MjcnK+ZTqE7judS6o7utxUCg6imJg3QK2qzHKszlTjcj2cn+NwMB2i96ubpj7w=="
  "resolved" "https://registry.npmjs.org/@types/prop-types/-/prop-types-15.7.5.tgz"
  "version" "15.7.5"

"@types/react-dom@^18.0.11":
  "integrity" "sha512-G2mHoTMTL4yoydITgOGwWdWMVd8sNgyEP85xVmMKAPUBwQWm9wBPQUmvbeF4V3WBY1P7mmL4BkjQ0SqUpf1snw=="
  "resolved" "https://registry.npmjs.org/@types/react-dom/-/react-dom-18.2.4.tgz"
  "version" "18.2.4"
  dependencies:
    "@types/react" "*"

"@types/react@*", "@types/react@^18.0.28":
  "integrity" "sha512-+hsJr9hmwyDecSMQAmX7drgbDpyE+EgSF6t7+5QEBAn1tQK7kl1vWZ4iRf6SjQ8lk7dyEULxUmZOIpN0W5baZA=="
  "resolved" "https://registry.npmjs.org/@types/react/-/react-18.2.11.tgz"
  "version" "18.2.11"
  dependencies:
    "@types/prop-types" "*"
    "@types/scheduler" "*"
    "csstype" "^3.0.2"

"@types/scheduler@*":
  "integrity" "sha512-5cJ8CB4yAx7BH1oMvdU0Jh9lrEXyPkar6F9G/ERswkCuvP4KQZfZkSjcMbAICCpQTN4OuZn8tz0HiKv9TGZgrQ=="
  "resolved" "https://registry.npmjs.org/@types/scheduler/-/scheduler-0.16.3.tgz"
  "version" "0.16.3"

"asynckit@^0.4.0":
  "integrity" "sha512-Oei9OH4tRh0YqU3GxhX79dM/mwVgvbZJaSNaRk+bshkj0S5cfHcgYakreBjrHwatXKbz+IoIdYLxrKim2MjW0Q=="
  "resolved" "https://registry.npmjs.org/asynckit/-/asynckit-0.4.0.tgz"
  "version" "0.4.0"

"autoprefixer@^10.4.14":
  "integrity" "sha512-FQzyfOsTlwVzjHxKEqRIAdJx9niO6VCBCoEwax/VLSoQF29ggECcPuBqUMZ+u8jCZOPSy8b8/8KnuFbp0SaFZQ=="
  "resolved" "https://registry.npmjs.org/autoprefixer/-/autoprefixer-10.4.14.tgz"
  "version" "10.4.14"
  dependencies:
    "browserslist" "^4.21.5"
    "caniuse-lite" "^1.0.30001464"
    "fraction.js" "^4.2.0"
    "normalize-range" "^0.1.2"
    "picocolors" "^1.0.0"
    "postcss-value-parser" "^4.2.0"

"axios@^0.26.0":
  "integrity" "sha512-fPwcX4EvnSHuInCMItEhAGnaSEXRBjtzh9fOtsE6E1G6p7vl7edEeZe11QHf18+6+9gR5PbKV/sGKNaD8YaMeA=="
  "resolved" "https://registry.npmjs.org/axios/-/axios-0.26.1.tgz"
  "version" "0.26.1"
  dependencies:
    "follow-redirects" "^1.14.8"

"browserslist@^4.21.5", "browserslist@>= 4.21.0":
  "integrity" "sha512-BauCXrQ7I2ftSqd2mvKHGo85XR0u7Ru3C/Hxsy/0TkfCtjrmAbPdzLGasmoiBxplpDXlPvdjX9u7srIMfgasNA=="
  "resolved" "https://registry.npmjs.org/browserslist/-/browserslist-4.21.7.tgz"
  "version" "4.21.7"
  dependencies:
    "caniuse-lite" "^1.0.30001489"
    "electron-to-chromium" "^1.4.411"
    "node-releases" "^2.0.12"
    "update-browserslist-db" "^1.0.11"

"caniuse-lite@^1.0.30001406", "caniuse-lite@^1.0.30001464", "caniuse-lite@^1.0.30001489":
  "integrity" "sha512-LFInN2zAwx3ANrGCDZ5AKKJroHqNKyjXitdV5zRIVIaQlXKj3GmxUKagoKsjqUfckpAObPCEWnk5EeMlyMWcgw=="
  "resolved" "https://registry.npmjs.org/caniuse-lite/-/caniuse-lite-1.0.30001498.tgz"
  "version" "1.0.30001498"

"client-only@0.0.1":
  "integrity" "sha512-IV3Ou0jSMzZrd3pZ48nLkT9DA7Ag1pnPzaiQhpW7c3RbcqqzvzzVu+L8gfqMp/8IM2MQtSiqaCxrrcfu8I8rMA=="
  "resolved" "https://registry.npmjs.org/client-only/-/client-only-0.0.1.tgz"
  "version" "0.0.1"

"clsx@^1.1.1":
  "integrity" "sha512-EcR6r5a8bj6pu3ycsa/E/cKVGuTgZJZdsyUYHOksG/UHIiKfjxzRxYJpyVBwYaQeOvghal9fcc4PidlgzugAQg=="
  "resolved" "https://registry.npmjs.org/clsx/-/clsx-1.2.1.tgz"
  "version" "1.2.1"

"combined-stream@^1.0.8":
  "integrity" "sha512-FQN4MRfuJeHf7cBbBMJFXhKSDq+2kAArBlmRBvcvFE5BB1HZKXtSFASDhdlz9zOYwxh8lDdnvmMOe/+5cdoEdg=="
  "resolved" "https://registry.npmjs.org/combined-stream/-/combined-stream-1.0.8.tgz"
  "version" "1.0.8"
  dependencies:
    "delayed-stream" "~1.0.0"

"csstype@^3.0.2":
  "integrity" "sha512-I7K1Uu0MBPzaFKg4nI5Q7Vs2t+3gWWW648spaF+Rg7pI9ds18Ugn+lvg4SHczUdKlHI5LWBXyqfS8+DufyBsgQ=="
  "resolved" "https://registry.npmjs.org/csstype/-/csstype-3.1.2.tgz"
  "version" "3.1.2"

"delayed-stream@~1.0.0":
  "integrity" "sha512-ZySD7Nf91aLB0RxL4KGrKHBXl7Eds1DAmEdcoVawXnLD7SDhpNgtuII2aAkg7a7QS41jxPSZ17p4VdGnMHk3MQ=="
  "resolved" "https://registry.npmjs.org/delayed-stream/-/delayed-stream-1.0.0.tgz"
  "version" "1.0.0"

"electron-to-chromium@^1.4.411":
  "integrity" "sha512-HK3r9l+Jm8dYAm1ctXEWIC+hV60zfcjS9UA5BDlYvnI5S7PU/yytjpvSrTNrSSRRkuu3tDyZhdkwIczh+0DWaw=="
  "resolved" "https://registry.npmjs.org/electron-to-chromium/-/electron-to-chromium-1.4.427.tgz"
  "version" "1.4.427"

"escalade@^3.1.1":
  "integrity" "sha512-k0er2gUkLf8O0zKJiAhmkTnJlTvINGv7ygDNPbeIsX/TJjGJZHuh9B2UxbsaEkmlEo9MfhrSzmhIlhRlI2GXnw=="
  "resolved" "https://registry.npmjs.org/escalade/-/escalade-3.1.1.tgz"
  "version" "3.1.1"

"follow-redirects@^1.14.8":
  "integrity" "sha512-yLAMQs+k0b2m7cVxpS1VKJVvoz7SS9Td1zss3XRwXj+ZDH00RJgnuLx7E44wx02kQLrdM3aOOy+FpzS7+8OizA=="
  "resolved" "https://registry.npmjs.org/follow-redirects/-/follow-redirects-1.15.1.tgz"
  "version" "1.15.1"

"form-data@^4.0.0":
  "integrity" "sha512-ETEklSGi5t0QMZuiXoA/Q6vcnxcLQP5vdugSpuAyi6SVGi2clPPp+xgEhuMaHC+zGgn31Kd235W35f7Hykkaww=="
  "resolved" "https://registry.npmjs.org/form-data/-/form-data-4.0.0.tgz"
  "version" "4.0.0"
  dependencies:
    "asynckit" "^0.4.0"
    "combined-stream" "^1.0.8"
    "mime-types" "^2.1.12"

"fraction.js@^4.2.0":
  "integrity" "sha512-MhLuK+2gUcnZe8ZHlaaINnQLl0xRIGRfcGk2yl8xoQAfHrSsL3rYu6FCmBdkdbhc9EPlwyGHewaRsvwRMJtAlA=="
  "resolved" "https://registry.npmjs.org/fraction.js/-/fraction.js-4.2.0.tgz"
  "version" "4.2.0"

"intl-messageformat@^10.1.0":
  "integrity" "sha512-AvojYuOaRb6r2veOKfTVpxH9TrmjSdc5iR9R5RgBwrDZYSmAAFVT+QLbW3C4V7Qsg0OguMp67Q/EoUkxZzXRGw=="
  "resolved" "https://registry.npmjs.org/intl-messageformat/-/intl-messageformat-10.5.0.tgz"
  "version" "10.5.0"
  dependencies:
    "@formatjs/ecma402-abstract" "1.17.0"
    "@formatjs/fast-memoize" "2.2.0"
    "@formatjs/icu-messageformat-parser" "2.6.0"
    "tslib" "^2.4.0"

"js-tokens@^3.0.0 || ^4.0.0":
  "integrity" "sha512-RdJUflcE3cUzKiMqQgsCu06FPu9UdIJO0beYbPhHN4k6apgJtifcoCtT9bcxOpYBtpD2kCM6Sbzg4CausW/PKQ=="
  "resolved" "https://registry.npmjs.org/js-tokens/-/js-tokens-4.0.0.tgz"
  "version" "4.0.0"

"loose-envify@^1.1.0":
  "integrity" "sha512-lyuxPGr/Wfhrlem2CL/UcnUc1zcqKAImBDzukY7Y5F/yQiNdko6+fRLevlw1HgMySw7f611UIY408EtxRSoK3Q=="
  "resolved" "https://registry.npmjs.org/loose-envify/-/loose-envify-1.4.0.tgz"
  "version" "1.4.0"
  dependencies:
    "js-tokens" "^3.0.0 || ^4.0.0"

"mime-db@1.52.0":
  "integrity" "sha512-sPU4uV7dYlvtWJxwwxHD0PuihVNiE7TyAbQ5SWxDCB9mUYvOgroQOwYQQOKPJ8CIbE+1ETVlOoK1UC2nU3gYvg=="
  "resolved" "https://registry.npmjs.org/mime-db/-/mime-db-1.52.0.tgz"
  "version" "1.52.0"

"mime-types@^2.1.12":
  "integrity" "sha512-ZDY+bPm5zTTF+YpCrAU9nK0UgICYPT0QtT1NZWFv4s++TNkcgVaT0g6+4R2uI4MjQjzysHB1zxuWL50hzaeXiw=="
  "resolved" "https://registry.npmjs.org/mime-types/-/mime-types-2.1.35.tgz"
  "version" "2.1.35"
  dependencies:
    "mime-db" "1.52.0"

"nanoid@^3.3.4", "nanoid@^3.3.6":
  "integrity" "sha512-BGcqMMJuToF7i1rt+2PWSNVnWIkGCU78jBG3RxO/bZlnZPK2Cmi2QaffxGO/2RvWi9sL+FAiRiXMgsyxQ1DIDA=="
  "resolved" "https://registry.npmjs.org/nanoid/-/nanoid-3.3.6.tgz"
  "version" "3.3.6"

"next@^13.1.1":
  "integrity" "sha512-R5eBAaIa3X7LJeYvv1bMdGnAVF4fVToEjim7MkflceFPuANY3YyvFxXee/A+acrSYwYPvOvf7f6v/BM/48ea5w=="
  "resolved" "https://registry.npmjs.org/next/-/next-13.1.1.tgz"
  "version" "13.1.1"
  dependencies:
    "@next/env" "13.1.1"
    "@swc/helpers" "0.4.14"
    "caniuse-lite" "^1.0.30001406"
    "postcss" "8.4.14"
    "styled-jsx" "5.1.1"
  optionalDependencies:
    "@next/swc-android-arm-eabi" "13.1.1"
    "@next/swc-android-arm64" "13.1.1"
    "@next/swc-darwin-arm64" "13.1.1"
    "@next/swc-darwin-x64" "13.1.1"
    "@next/swc-freebsd-x64" "13.1.1"
    "@next/swc-linux-arm-gnueabihf" "13.1.1"
    "@next/swc-linux-arm64-gnu" "13.1.1"
    "@next/swc-linux-arm64-musl" "13.1.1"
    "@next/swc-linux-x64-gnu" "13.1.1"
    "@next/swc-linux-x64-musl" "13.1.1"
    "@next/swc-win32-arm64-msvc" "13.1.1"
    "@next/swc-win32-ia32-msvc" "13.1.1"
    "@next/swc-win32-x64-msvc" "13.1.1"

"node-releases@^2.0.12":
  "integrity" "sha512-QzsYKWhXTWx8h1kIvqfnC++o0pEmpRQA/aenALsL2F4pqNVr7YzcdMlDij5WBnwftRbJCNJL/O7zdKaxKPHqgQ=="
  "resolved" "https://registry.npmjs.org/node-releases/-/node-releases-2.0.12.tgz"
  "version" "2.0.12"

"normalize-range@^0.1.2":
  "integrity" "sha512-bdok/XvKII3nUpklnV6P2hxtMNrCboOjAcyBuQnWEhO665FwrSNRxU+AqpsyvO6LgGYPspN+lu5CLtw4jPRKNA=="
  "resolved" "https://registry.npmjs.org/normalize-range/-/normalize-range-0.1.2.tgz"
  "version" "0.1.2"

"openai@^3.3.0":
  "integrity" "sha512-uqxI/Au+aPRnsaQRe8CojU0eCR7I0mBiKjD3sNMzY6DaC1ZVrc85u98mtJW6voDug8fgGN+DIZmTDxTthxb7dQ=="
  "resolved" "https://registry.npmjs.org/openai/-/openai-3.3.0.tgz"
  "version" "3.3.0"
  dependencies:
    "axios" "^0.26.0"
    "form-data" "^4.0.0"

"picocolors@^1.0.0":
  "integrity" "sha512-1fygroTLlHu66zi26VoTDv8yRgm0Fccecssto+MhsZ0D/DGW2sm8E8AjW7NU5VVTRt5GxbeZ5qBuJr+HyLYkjQ=="
  "resolved" "https://registry.npmjs.org/picocolors/-/picocolors-1.0.0.tgz"
  "version" "1.0.0"

"postcss-value-parser@^4.2.0":
  "integrity" "sha512-1NNCs6uurfkVbeXG4S8JFT9t19m45ICnif8zWLd5oPSZ50QnwMfK+H3jv408d4jw/7Bttv5axS5IiHoLaVNHeQ=="
  "resolved" "https://registry.npmjs.org/postcss-value-parser/-/postcss-value-parser-4.2.0.tgz"
  "version" "4.2.0"

"postcss@^8.1.0", "postcss@^8.4.24":
  "integrity" "sha512-M0RzbcI0sO/XJNucsGjvWU9ERWxb/ytp1w6dKtxTKgixdtQDq4rmx/g8W1hnaheq9jgwL/oyEdH5Bc4WwJKMqg=="
  "resolved" "https://registry.npmjs.org/postcss/-/postcss-8.4.24.tgz"
  "version" "8.4.24"
  dependencies:
    "nanoid" "^3.3.6"
    "picocolors" "^1.0.0"
    "source-map-js" "^1.0.2"

"postcss@8.4.14":
  "integrity" "sha512-E398TUmfAYFPBSdzgeieK2Y1+1cpdxJx8yXbK/m57nRhKSmk1GB2tO4lbLBtlkfPQTDKfe4Xqv1ASWPpayPEig=="
  "resolved" "https://registry.npmjs.org/postcss/-/postcss-8.4.14.tgz"
  "version" "8.4.14"
  dependencies:
    "nanoid" "^3.3.4"
    "picocolors" "^1.0.0"
    "source-map-js" "^1.0.2"

"react-dom@^16.8.0 || ^17.0.0-rc.1 || ^18.0.0", "react-dom@^18.2.0", "react-dom@>=16.8.0":
  "integrity" "sha512-6IMTriUmvsjHUjNtEDudZfuDQUoWXVxKHhlEGSk81n4YFS+r/Kl99wXiwlVXtPBtJenozv2P+hxDsw9eA7Xo6g=="
  "resolved" "https://registry.npmjs.org/react-dom/-/react-dom-18.2.0.tgz"
  "version" "18.2.0"
  dependencies:
    "loose-envify" "^1.1.0"
    "scheduler" "^0.23.0"

"react@^16.8.0 || ^17.0.0-rc.1 || ^18.0.0", "react@^18.2.0", "react@>= 16.3.0", "react@>= 16.8.0 || 17.x.x || ^18.0.0-0", "react@>=16.8.0":
  "integrity" "sha512-/3IjMdb2L9QbBdWiW5e3P2/npwMBaU9mHCSCUzNln0ZCYbcfTsGbTJrU/kGemdH2IWmB2ioZ+zkxtmq6g09fGQ=="
  "resolved" "https://registry.npmjs.org/react/-/react-18.2.0.tgz"
  "version" "18.2.0"
  dependencies:
    "loose-envify" "^1.1.0"

"regenerator-runtime@^0.13.11":
  "integrity" "sha512-kY1AZVr2Ra+t+piVaJ4gxaFaReZVH40AKNo7UCX6W+dEwBo/2oZJzqfuN1qLq1oL45o56cPaTXELwrTh8Fpggg=="
  "resolved" "https://registry.npmjs.org/regenerator-runtime/-/regenerator-runtime-0.13.11.tgz"
  "version" "0.13.11"

"scheduler@^0.23.0":
  "integrity" "sha512-CtuThmgHNg7zIZWAXi3AsyIzA3n4xx7aNyjwC2VJldO2LMVDhFK+63xGqq6CsJH4rTAt6/M+N4GhZiDYPx9eUw=="
  "resolved" "https://registry.npmjs.org/scheduler/-/scheduler-0.23.0.tgz"
  "version" "0.23.0"
  dependencies:
    "loose-envify" "^1.1.0"

"source-map-js@^1.0.2":
  "integrity" "sha512-R0XvVJ9WusLiqTCEiGCmICCMplcCkIwwR11mOSD9CR5u+IXYdiseeEuXCVAjS54zqwkLcPNnmU4OeJ6tUrWhDw=="
  "resolved" "https://registry.npmjs.org/source-map-js/-/source-map-js-1.0.2.tgz"
  "version" "1.0.2"

"styled-jsx@5.1.1":
  "integrity" "sha512-pW7uC1l4mBZ8ugbiZrcIsiIvVx1UmTfw7UkC3Um2tmfUq9Bhk8IiyEIPl6F8agHgjzku6j0xQEZbfA5uSgSaCw=="
  "resolved" "https://registry.npmjs.org/styled-jsx/-/styled-jsx-5.1.1.tgz"
  "version" "5.1.1"
  dependencies:
    "client-only" "0.0.1"

"tslib@^2.4.0":
  "integrity" "sha512-tGyy4dAjRIEwI7BzsB0lynWgOpfqjUdq91XXAlIWD2OwKBH7oCl/GZG/HT4BOHrTlPMOASlMQ7veyTqpmRcrNA=="
  "resolved" "https://registry.npmjs.org/tslib/-/tslib-2.4.1.tgz"
  "version" "2.4.1"

"update-browserslist-db@^1.0.11":
  "integrity" "sha512-dCwEFf0/oT85M1fHBg4F0jtLwJrutGoHSQXCh7u4o2t1drG+c0a9Flnqww6XUKSfQMPpJBRjU8d4RXB09qtvaA=="
  "resolved" "https://registry.npmjs.org/update-browserslist-db/-/update-browserslist-db-1.0.11.tgz"
  "version" "1.0.11"
  dependencies:
    "escalade" "^3.1.1"
    "picocolors" "^1.0.0"
